
Microsoft Visual Studio Solution File, Format Version 12.00
# Visual Studio Version 17
VisualStudioVersion = 17.4.33205.214
MinimumVisualStudioVersion = 10.0.40219.1
Project("{FAE04EC0-301F-11D3-BF4B-00C04F79EFBC}") = "Lesson 7 . Bank", "Lesson 7 . Bank\Lesson 7 . Bank.csproj", "{E7F05597-3AD3-415D-9E86-FA54870E3AEF}"
EndProject
Global
	GlobalSection(SolutionConfigurationPlatforms) = preSolution
		Debug|Any CPU = Debug|Any CPU
		Release|Any CPU = Release|Any CPU
	EndGlobalSection
	GlobalSection(ProjectConfigurationPlatforms) = postSolution
		{E7F05597-3AD3-415D-9E86-FA54870E3AEF}.Debug|Any CPU.ActiveCfg = Debug|Any CPU
		{E7F05597-3AD3-415D-9E86-FA54870E3AEF}.Debug|Any CPU.Build.0 = Debug|Any CPU
		{E7F05597-3AD3-415D-9E86-FA54870E3AEF}.Release|Any CPU.ActiveCfg = Release|Any CPU
		{E7F05597-3AD3-415D-9E86-FA54870E3AEF}.Release|Any CPU.Build.0 = Release|Any CPU
	EndGlobalSection
	GlobalSection(SolutionProperties) = preSolution
		HideSolutionNode = FALSE
	EndGlobalSection
	GlobalSection(ExtensibilityGlobals) = postSolution
		SolutionGuid = {8C1BC3C9-AC55-4F83-BCEB-D83165C5A894}
	EndGlobalSection
EndGlobal
